
Microsoft Visual Studio Solution File, Format Version 12.00
# Visual Studio 15
VisualStudioVersion = 15.0.27703.2035
MinimumVisualStudioVersion = 10.0.40219.1
Project("{FAE04EC0-301F-11D3-BF4B-00C04F79EFBC}") = "PooVueling", "PooVueling\PooVueling.csproj", "{83165366-D2A2-4CD7-884C-E223BEE6FD99}"
EndProject
Project("{FAE04EC0-301F-11D3-BF4B-00C04F79EFBC}") = "PooVueling.Integration.Tests", "PooVueling.Integration.Tests\PooVueling.Integration.Tests.csproj", "{F2E85F40-2339-444D-A05B-F206A0D94903}"
EndProject
Project("{FAE04EC0-301F-11D3-BF4B-00C04F79EFBC}") = "PooVueling.Unit.Tests", "PooVueling.Unit.Tests\PooVueling.Unit.Tests.csproj", "{4DAD120A-28FE-41AA-A909-4BE0F45DEF4F}"
EndProject
Global
	GlobalSection(SolutionConfigurationPlatforms) = preSolution
		Debug|Any CPU = Debug|Any CPU
		Release|Any CPU = Release|Any CPU
	EndGlobalSection
	GlobalSection(ProjectConfigurationPlatforms) = postSolution
		{83165366-D2A2-4CD7-884C-E223BEE6FD99}.Debug|Any CPU.ActiveCfg = Debug|Any CPU
		{83165366-D2A2-4CD7-884C-E223BEE6FD99}.Debug|Any CPU.Build.0 = Debug|Any CPU
		{83165366-D2A2-4CD7-884C-E223BEE6FD99}.Release|Any CPU.ActiveCfg = Release|Any CPU
		{83165366-D2A2-4CD7-884C-E223BEE6FD99}.Release|Any CPU.Build.0 = Release|Any CPU
		{F2E85F40-2339-444D-A05B-F206A0D94903}.Debug|Any CPU.ActiveCfg = Debug|Any CPU
		{F2E85F40-2339-444D-A05B-F206A0D94903}.Debug|Any CPU.Build.0 = Debug|Any CPU
		{F2E85F40-2339-444D-A05B-F206A0D94903}.Release|Any CPU.ActiveCfg = Release|Any CPU
		{F2E85F40-2339-444D-A05B-F206A0D94903}.Release|Any CPU.Build.0 = Release|Any CPU
		{4DAD120A-28FE-41AA-A909-4BE0F45DEF4F}.Debug|Any CPU.ActiveCfg = Debug|Any CPU
		{4DAD120A-28FE-41AA-A909-4BE0F45DEF4F}.Debug|Any CPU.Build.0 = Debug|Any CPU
		{4DAD120A-28FE-41AA-A909-4BE0F45DEF4F}.Release|Any CPU.ActiveCfg = Release|Any CPU
		{4DAD120A-28FE-41AA-A909-4BE0F45DEF4F}.Release|Any CPU.Build.0 = Release|Any CPU
	EndGlobalSection
	GlobalSection(SolutionProperties) = preSolution
		HideSolutionNode = FALSE
	EndGlobalSection
	GlobalSection(ExtensibilityGlobals) = postSolution
		SolutionGuid = {810AE9AA-EE46-4CA1-A646-F8B92EDF847D}
	EndGlobalSection
EndGlobal
